Microsoft Visual Studio Solution File, Format Version 7.00
Project("{8BC9CEB8-8B4A-11D0-8D11-00A0C91BC942}") = "DxGuiFramework", "DxGuiFramework.vcproj", "{98D880F8-FDDC-4C52-9174-CB989DC63ABC}"
EndProject
Global
	GlobalSection(SolutionConfiguration) = preSolution
		ConfigName.0 = Debug
		ConfigName.1 = Release
	EndGlobalSection
	GlobalSection(ProjectDependencies) = postSolution
	EndGlobalSection
	GlobalSection(ProjectConfiguration) = postSolution
		{98D880F8-FDDC-4C52-9174-CB989DC63ABC}.Debug.ActiveCfg = Debug|Win32
		{98D880F8-FDDC-4C52-9174-CB989DC63ABC}.Debug.Build.0 = Debug|Win32
		{98D880F8-FDDC-4C52-9174-CB989DC63ABC}.Release.ActiveCfg = Release|Win32
		{98D880F8-FDDC-4C52-9174-CB989DC63ABC}.Release.Build.0 = Release|Win32
	EndGlobalSection
	GlobalSection(ExtensibilityGlobals) = postSolution
	EndGlobalSection
	GlobalSection(ExtensibilityAddIns) = postSolution
	EndGlobalSection
EndGlobal
